
Microsoft Visual Studio Solution File, Format Version 12.00
# Visual Studio 2012
Project("{FAE04EC0-301F-11D3-BF4B-00C04F79EFBC}") = "ConciseValidation", "ConciseValidation\ConciseValidation.csproj", "{622CC3BC-A84F-487F-9B62-1679C96A1EBF}"
EndProject
Project("{FAE04EC0-301F-11D3-BF4B-00C04F79EFBC}") = "ConciseValidation_UnitTests", "ConciseValidation_UnitTests\ConciseValidation_UnitTests.csproj", "{6BF3A4B1-6B8F-448C-BB1F-631B994E73CD}"
EndProject
Global
	GlobalSection(SolutionConfigurationPlatforms) = preSolution
		Debug|Any CPU = Debug|Any CPU
		Release|Any CPU = Release|Any CPU
	EndGlobalSection
	GlobalSection(ProjectConfigurationPlatforms) = postSolution
		{622CC3BC-A84F-487F-9B62-1679C96A1EBF}.Debug|Any CPU.ActiveCfg = Debug|Any CPU
		{622CC3BC-A84F-487F-9B62-1679C96A1EBF}.Debug|Any CPU.Build.0 = Debug|Any CPU
		{622CC3BC-A84F-487F-9B62-1679C96A1EBF}.Release|Any CPU.ActiveCfg = Release|Any CPU
		{622CC3BC-A84F-487F-9B62-1679C96A1EBF}.Release|Any CPU.Build.0 = Release|Any CPU
		{6BF3A4B1-6B8F-448C-BB1F-631B994E73CD}.Debug|Any CPU.ActiveCfg = Debug|Any CPU
		{6BF3A4B1-6B8F-448C-BB1F-631B994E73CD}.Debug|Any CPU.Build.0 = Debug|Any CPU
		{6BF3A4B1-6B8F-448C-BB1F-631B994E73CD}.Release|Any CPU.ActiveCfg = Release|Any CPU
		{6BF3A4B1-6B8F-448C-BB1F-631B994E73CD}.Release|Any CPU.Build.0 = Release|Any CPU
	EndGlobalSection
	GlobalSection(SolutionProperties) = preSolution
		HideSolutionNode = FALSE
	EndGlobalSection
EndGlobal
